
Microsoft Visual Studio Solution File, Format Version 12.00
# Visual Studio Version 17
VisualStudioVersion = 17.6.33723.286
MinimumVisualStudioVersion = 10.0.40219.1
Project("{FAE04EC0-301F-11D3-BF4B-00C04F79EFBC}") = "Aplikasi Kasir", "Aplikasi Kasir\Aplikasi Kasir.csproj", "{CAF95F88-4CE6-4596-A3BD-633CC5592AA3}"
EndProject
Global
	GlobalSection(SolutionConfigurationPlatforms) = preSolution
		Debug|Any CPU = Debug|Any CPU
		Release|Any CPU = Release|Any CPU
	EndGlobalSection
	GlobalSection(ProjectConfigurationPlatforms) = postSolution
		{CAF95F88-4CE6-4596-A3BD-633CC5592AA3}.Debug|Any CPU.ActiveCfg = Debug|Any CPU
		{CAF95F88-4CE6-4596-A3BD-633CC5592AA3}.Debug|Any CPU.Build.0 = Debug|Any CPU
		{CAF95F88-4CE6-4596-A3BD-633CC5592AA3}.Release|Any CPU.ActiveCfg = Release|Any CPU
		{CAF95F88-4CE6-4596-A3BD-633CC5592AA3}.Release|Any CPU.Build.0 = Release|Any CPU
	EndGlobalSection
	GlobalSection(SolutionProperties) = preSolution
		HideSolutionNode = FALSE
	EndGlobalSection
	GlobalSection(ExtensibilityGlobals) = postSolution
		SolutionGuid = {D289DB0D-45AC-481D-BE4C-BD0FBD60E7C8}
	EndGlobalSection
EndGlobal
